
Microsoft Visual Studio Solution File, Format Version 12.00
# Visual Studio Version 17
VisualStudioVersion = 17.5.002.0
MinimumVisualStudioVersion = 10.0.40219.1
Project("{2150E333-8FDC-42A3-9474-1A3956D46DE8}") = "super-service", "super-service", "{FE813D53-DA29-4D91-8EBE-4C6D706F2C1B}"
EndProject
Project("{9A19103F-16F7-4668-BE54-9A1E7A4F7556}") = "SuperService", "super-service\src\SuperService.csproj", "{8C16A2F7-63E9-4BB9-87A8-6680FD17744E}"
EndProject
Project("{9A19103F-16F7-4668-BE54-9A1E7A4F7556}") = "SuperService.UnitTests", "super-service\test\SuperService.UnitTests.csproj", "{FB70CA2B-D57E-479C-AB27-585BAD11E30D}"
EndProject
Global
	GlobalSection(SolutionConfigurationPlatforms) = preSolution
		Debug|Any CPU = Debug|Any CPU
		Release|Any CPU = Release|Any CPU
	EndGlobalSection
	GlobalSection(ProjectConfigurationPlatforms) = postSolution
		{8C16A2F7-63E9-4BB9-87A8-6680FD17744E}.Debug|Any CPU.ActiveCfg = Debug|Any CPU
		{8C16A2F7-63E9-4BB9-87A8-6680FD17744E}.Debug|Any CPU.Build.0 = Debug|Any CPU
		{8C16A2F7-63E9-4BB9-87A8-6680FD17744E}.Release|Any CPU.ActiveCfg = Release|Any CPU
		{8C16A2F7-63E9-4BB9-87A8-6680FD17744E}.Release|Any CPU.Build.0 = Release|Any CPU
		{FB70CA2B-D57E-479C-AB27-585BAD11E30D}.Debug|Any CPU.ActiveCfg = Debug|Any CPU
		{FB70CA2B-D57E-479C-AB27-585BAD11E30D}.Debug|Any CPU.Build.0 = Debug|Any CPU
		{FB70CA2B-D57E-479C-AB27-585BAD11E30D}.Release|Any CPU.ActiveCfg = Release|Any CPU
		{FB70CA2B-D57E-479C-AB27-585BAD11E30D}.Release|Any CPU.Build.0 = Release|Any CPU
	EndGlobalSection
	GlobalSection(SolutionProperties) = preSolution
		HideSolutionNode = FALSE
	EndGlobalSection
	GlobalSection(NestedProjects) = preSolution
		{8C16A2F7-63E9-4BB9-87A8-6680FD17744E} = {FE813D53-DA29-4D91-8EBE-4C6D706F2C1B}
		{FB70CA2B-D57E-479C-AB27-585BAD11E30D} = {FE813D53-DA29-4D91-8EBE-4C6D706F2C1B}
	EndGlobalSection
	GlobalSection(ExtensibilityGlobals) = postSolution
		SolutionGuid = {8C66AB5B-56C1-403D-85C3-56BF0ADAE8CF}
	EndGlobalSection
EndGlobal
